
Microsoft Visual Studio Solution File, Format Version 12.00
# Visual Studio Version 16
VisualStudioVersion = 16.0.30804.86
MinimumVisualStudioVersion = 10.0.40219.1
Project("{9A19103F-16F7-4668-BE54-9A1E7A4F7556}") = "MoreEnemies", "MoreEnemies.csproj", "{97A3FCCE-F54E-4BB3-979F-A8483E526FB5}"
EndProject
Global
	GlobalSection(SolutionConfigurationPlatforms) = preSolution
		Debug|Any CPU = Debug|Any CPU
		Release|Any CPU = Release|Any CPU
	EndGlobalSection
	GlobalSection(ProjectConfigurationPlatforms) = postSolution
		{97A3FCCE-F54E-4BB3-979F-A8483E526FB5}.Debug|Any CPU.ActiveCfg = Debug|Any CPU
		{97A3FCCE-F54E-4BB3-979F-A8483E526FB5}.Debug|Any CPU.Build.0 = Debug|Any CPU
		{97A3FCCE-F54E-4BB3-979F-A8483E526FB5}.Release|Any CPU.ActiveCfg = Release|Any CPU
		{97A3FCCE-F54E-4BB3-979F-A8483E526FB5}.Release|Any CPU.Build.0 = Release|Any CPU
	EndGlobalSection
	GlobalSection(SolutionProperties) = preSolution
		HideSolutionNode = FALSE
	EndGlobalSection
	GlobalSection(ExtensibilityGlobals) = postSolution
		SolutionGuid = {19EBB7A1-F56A-4ACD-AA2F-8FCF25EE633F}
	EndGlobalSection
EndGlobal
