
Microsoft Visual Studio Solution File, Format Version 12.00
# Visual Studio 15
Project("{FAE04EC0-301F-11D3-BF4B-00C04F79EFBC}") = "Assembly-CSharp", "Assembly-CSharp.csproj", "{EB94F217-32D3-0DB1-4FB1-CC869FFB16C0}"
EndProject
Project("{FAE04EC0-301F-11D3-BF4B-00C04F79EFBC}") = "Assembly-CSharp-Editor", "Assembly-CSharp-Editor.csproj", "{320010F7-8CC7-1E2E-11E0-2D1061F76627}"
EndProject
Global
	GlobalSection(SolutionConfigurationPlatforms) = preSolution
		Debug|Any CPU = Debug|Any CPU
		Release|Any CPU = Release|Any CPU
	EndGlobalSection
	GlobalSection(ProjectConfigurationPlatforms) = postSolution
		{EB94F217-32D3-0DB1-4FB1-CC869FFB16C0}.Debug|Any CPU.ActiveCfg = Debug|Any CPU
		{EB94F217-32D3-0DB1-4FB1-CC869FFB16C0}.Debug|Any CPU.Build.0 = Debug|Any CPU
		{EB94F217-32D3-0DB1-4FB1-CC869FFB16C0}.Release|Any CPU.ActiveCfg = Release|Any CPU
		{EB94F217-32D3-0DB1-4FB1-CC869FFB16C0}.Release|Any CPU.Build.0 = Release|Any CPU
		{320010F7-8CC7-1E2E-11E0-2D1061F76627}.Debug|Any CPU.ActiveCfg = Debug|Any CPU
		{320010F7-8CC7-1E2E-11E0-2D1061F76627}.Debug|Any CPU.Build.0 = Debug|Any CPU
		{320010F7-8CC7-1E2E-11E0-2D1061F76627}.Release|Any CPU.ActiveCfg = Release|Any CPU
		{320010F7-8CC7-1E2E-11E0-2D1061F76627}.Release|Any CPU.Build.0 = Release|Any CPU
	EndGlobalSection
	GlobalSection(SolutionProperties) = preSolution
		HideSolutionNode = FALSE
	EndGlobalSection
	GlobalSection(MonoDevelopProperties) = preSolution
		StartupItem = Assembly-CSharp.csproj
	EndGlobalSection
EndGlobal
